
Microsoft Visual Studio Solution File, Format Version 12.00
# Visual Studio Version 17
VisualStudioVersion = 17.0.31912.275
MinimumVisualStudioVersion = 10.0.40219.1
Project("{9A19103F-16F7-4668-BE54-9A1E7A4F7556}") = "Yadex.Retirement", "Yadex.Retirement\Yadex.Retirement.csproj", "{A2775EBD-00CF-4F6E-9E64-E7EA95CF3C8A}"
EndProject
Project("{FAE04EC0-301F-11D3-BF4B-00C04F79EFBC}") = "Yadex.Retirement.Tests", "Yadex.Retirement.Tests\Yadex.Retirement.Tests.csproj", "{9B9CDF71-6B12-40E8-A516-A7C4176AD94C}"
EndProject
Global
	GlobalSection(SolutionConfigurationPlatforms) = preSolution
		Debug|Any CPU = Debug|Any CPU
		Release|Any CPU = Release|Any CPU
	EndGlobalSection
	GlobalSection(ProjectConfigurationPlatforms) = postSolution
		{A2775EBD-00CF-4F6E-9E64-E7EA95CF3C8A}.Debug|Any CPU.ActiveCfg = Debug|Any CPU
		{A2775EBD-00CF-4F6E-9E64-E7EA95CF3C8A}.Debug|Any CPU.Build.0 = Debug|Any CPU
		{A2775EBD-00CF-4F6E-9E64-E7EA95CF3C8A}.Release|Any CPU.ActiveCfg = Release|Any CPU
		{A2775EBD-00CF-4F6E-9E64-E7EA95CF3C8A}.Release|Any CPU.Build.0 = Release|Any CPU
		{9B9CDF71-6B12-40E8-A516-A7C4176AD94C}.Debug|Any CPU.ActiveCfg = Debug|Any CPU
		{9B9CDF71-6B12-40E8-A516-A7C4176AD94C}.Debug|Any CPU.Build.0 = Debug|Any CPU
		{9B9CDF71-6B12-40E8-A516-A7C4176AD94C}.Release|Any CPU.ActiveCfg = Release|Any CPU
		{9B9CDF71-6B12-40E8-A516-A7C4176AD94C}.Release|Any CPU.Build.0 = Release|Any CPU
	EndGlobalSection
	GlobalSection(SolutionProperties) = preSolution
		HideSolutionNode = FALSE
	EndGlobalSection
	GlobalSection(ExtensibilityGlobals) = postSolution
		SolutionGuid = {7B4C4C7F-4266-4C6F-B6D6-DE5FD6B8566D}
	EndGlobalSection
EndGlobal
