
Microsoft Visual Studio Solution File, Format Version 12.00
# Visual Studio Version 16
VisualStudioVersion = 16.0.30717.126
MinimumVisualStudioVersion = 10.0.40219.1
Project("{FAE04EC0-301F-11D3-BF4B-00C04F79EFBC}") = "Yadex.Retirement", "Yadex.Retirement\Yadex.Retirement.csproj", "{A2775EBD-00CF-4F6E-9E64-E7EA95CF3C8A}"
EndProject
Global
	GlobalSection(SolutionConfigurationPlatforms) = preSolution
		Debug|Any CPU = Debug|Any CPU
		Release|Any CPU = Release|Any CPU
	EndGlobalSection
	GlobalSection(ProjectConfigurationPlatforms) = postSolution
		{A2775EBD-00CF-4F6E-9E64-E7EA95CF3C8A}.Debug|Any CPU.ActiveCfg = Debug|Any CPU
		{A2775EBD-00CF-4F6E-9E64-E7EA95CF3C8A}.Debug|Any CPU.Build.0 = Debug|Any CPU
		{A2775EBD-00CF-4F6E-9E64-E7EA95CF3C8A}.Release|Any CPU.ActiveCfg = Release|Any CPU
		{A2775EBD-00CF-4F6E-9E64-E7EA95CF3C8A}.Release|Any CPU.Build.0 = Release|Any CPU
	EndGlobalSection
	GlobalSection(SolutionProperties) = preSolution
		HideSolutionNode = FALSE
	EndGlobalSection
	GlobalSection(ExtensibilityGlobals) = postSolution
		SolutionGuid = {7B4C4C7F-4266-4C6F-B6D6-DE5FD6B8566D}
	EndGlobalSection
EndGlobal
